Microsoft Visual Studio Solution File, Format Version 11.00
# Visual Studio 2008

Project("{31D7DC2B-27DC-AD6A-E723-E54CD61AAB4C}") = "Unity5_Dominik", "Assembly-CSharp-firstpass.csproj", "{DFE9894F-721A-ABFC-3D77-577BFCA7C889}"
EndProject
Project("{31D7DC2B-27DC-AD6A-E723-E54CD61AAB4C}") = "Unity5_Dominik", "Assembly-CSharp.csproj", "{84DCB872-35AA-5E32-4A09-C7270895D74C}"
EndProject
Project("{31D7DC2B-27DC-AD6A-E723-E54CD61AAB4C}") = "Unity5_Dominik", "Assembly-CSharp-Editor.csproj", "{A5A47C01-A03B-B974-735F-D8C7DCE61D18}"
EndProject
Global
	GlobalSection(SolutionConfigurationPlatforms) = preSolution
		Debug|Any CPU = Debug|Any CPU
		Release|Any CPU = Release|Any CPU
	EndGlobalSection
	GlobalSection(ProjectConfigurationPlatforms) = postSolution
		{DFE9894F-721A-ABFC-3D77-577BFCA7C889}.Debug|Any CPU.ActiveCfg = Debug|Any CPU
		{DFE9894F-721A-ABFC-3D77-577BFCA7C889}.Debug|Any CPU.Build.0 = Debug|Any CPU
		{DFE9894F-721A-ABFC-3D77-577BFCA7C889}.Release|Any CPU.ActiveCfg = Release|Any CPU
		{DFE9894F-721A-ABFC-3D77-577BFCA7C889}.Release|Any CPU.Build.0 = Release|Any CPU
		{84DCB872-35AA-5E32-4A09-C7270895D74C}.Debug|Any CPU.ActiveCfg = Debug|Any CPU
		{84DCB872-35AA-5E32-4A09-C7270895D74C}.Debug|Any CPU.Build.0 = Debug|Any CPU
		{84DCB872-35AA-5E32-4A09-C7270895D74C}.Release|Any CPU.ActiveCfg = Release|Any CPU
		{84DCB872-35AA-5E32-4A09-C7270895D74C}.Release|Any CPU.Build.0 = Release|Any CPU
		{A5A47C01-A03B-B974-735F-D8C7DCE61D18}.Debug|Any CPU.ActiveCfg = Debug|Any CPU
		{A5A47C01-A03B-B974-735F-D8C7DCE61D18}.Debug|Any CPU.Build.0 = Debug|Any CPU
		{A5A47C01-A03B-B974-735F-D8C7DCE61D18}.Release|Any CPU.ActiveCfg = Release|Any CPU
		{A5A47C01-A03B-B974-735F-D8C7DCE61D18}.Release|Any CPU.Build.0 = Release|Any CPU
	EndGlobalSection
	GlobalSection(SolutionProperties) = preSolution
		HideSolutionNode = FALSE
	EndGlobalSection
	GlobalSection(MonoDevelopProperties) = preSolution
		StartupItem = Assembly-CSharp.csproj
		Policies = $0
		$0.TextStylePolicy = $1
		$1.inheritsSet = null
		$1.scope = text/x-csharp
		$0.CSharpFormattingPolicy = $2
		$2.inheritsSet = Mono
		$2.inheritsScope = text/x-csharp
		$2.scope = text/x-csharp
		$0.TextStylePolicy = $3
		$3.FileWidth = 120
		$3.TabWidth = 4
		$3.IndentWidth = 4
		$3.EolMarker = Unix
		$3.inheritsSet = Mono
		$3.inheritsScope = text/plain
		$3.scope = text/plain
	EndGlobalSection
EndGlobal
